# This file is autogenerated, do not edit; changes may be undone by the next 'dep ensure'.


[[projects]]
  digest = "1:65ec08d5208d825da4371d73c59e55e32245000a9ee32d2d36cc0a97bf6aff30"
  name = "github.com/dustin/go-humanize"
  packages = ["."]
  pruneopts = "UT"
  revision = "0b19b17f90333e44518aa31bbf8126017960aee3"

[solve-meta]
  analyzer-name = "dep"
  analyzer-version = 1
  input-imports = ["github.com/dustin/go-humanize"]
  solver-name = "gps-cdcl"
  solver-version = 1
